// !$*UTF8*$!
{
	archiveVersion = 1;
	classes = {
	};
	objectVersion = 46;
	objects = {

/* Begin PBXBuildFile section */
		B80D16ED1CAEB09400026764 /* Autogenerated.swift in Sources */ = {isa = PBXBuildFile; fileRef = B80D16EA1CAEB09400026764 /* Autogenerated.swift */; };
		B80D16EE1CAEB09400026764 /* Bitcoin.swift in Sources */ = {isa = PBXBuildFile; fileRef = B80D16EB1CAEB09400026764 /* Bitcoin.swift */; };
		B80D16EF1CAEB09400026764 /* Currency.swift in Sources */ = {isa = PBXBuildFile; fileRef = B80D16EC1CAEB09400026764 /* Currency.swift */; };
		B80D16F31CAEB09E00026764 /* Locale.swift in Sources */ = {isa = PBXBuildFile; fileRef = B80D16F01CAEB09E00026764 /* Locale.swift */; };
		B80D16F41CAEB09E00026764 /* Money.swift in Sources */ = {isa = PBXBuildFile; fileRef = B80D16F11CAEB09E00026764 /* Money.swift */; };
		B80D16F51CAEB09E00026764 /* Support.swift in Sources */ = {isa = PBXBuildFile; fileRef = B80D16F21CAEB09E00026764 /* Support.swift */; };
		B80D16FB1CAEB0B300026764 /* Decimal.swift in Sources */ = {isa = PBXBuildFile; fileRef = B80D16F71CAEB0B300026764 /* Decimal.swift */; };
		B80D16FC1CAEB0B300026764 /* DecimalNumberType.swift in Sources */ = {isa = PBXBuildFile; fileRef = B80D16F81CAEB0B300026764 /* DecimalNumberType.swift */; };
		B80D16FD1CAEB0B300026764 /* NSDecimalExtensions.swift in Sources */ = {isa = PBXBuildFile; fileRef = B80D16F91CAEB0B300026764 /* NSDecimalExtensions.swift */; };
		B80D16FE1CAEB0B300026764 /* NSDecimalNumberExtensions.swift in Sources */ = {isa = PBXBuildFile; fileRef = B80D16FA1CAEB0B300026764 /* NSDecimalNumberExtensions.swift */; };
		B80D17011CAEB23600026764 /* ValueCoding.swift in Sources */ = {isa = PBXBuildFile; fileRef = B80D17001CAEB23600026764 /* ValueCoding.swift */; };
		B8244F051C9DAD16000209FD /* AppDelegate.swift in Sources */ = {isa = PBXBuildFile; fileRef = B8244F041C9DAD16000209FD /* AppDelegate.swift */; };
		B8244F071C9DAD16000209FD /* MainViewController.swift in Sources */ = {isa = PBXBuildFile; fileRef = B8244F061C9DAD16000209FD /* MainViewController.swift */; };
		B8244F0A1C9DAD16000209FD /* Main.storyboard in Resources */ = {isa = PBXBuildFile; fileRef = B8244F081C9DAD16000209FD /* Main.storyboard */; };
		B8244F0C1C9DAD16000209FD /* Assets.xcassets in Resources */ = {isa = PBXBuildFile; fileRef = B8244F0B1C9DAD16000209FD /* Assets.xcassets */; };
		B8244F0F1C9DAD16000209FD /* LaunchScreen.storyboard in Resources */ = {isa = PBXBuildFile; fileRef = B8244F0D1C9DAD16000209FD /* LaunchScreen.storyboard */; };
		B8244F1A1C9DAD16000209FD /* Personal_FinanceTests.swift in Sources */ = {isa = PBXBuildFile; fileRef = B8244F191C9DAD16000209FD /* Personal_FinanceTests.swift */; };
		B8244F251C9DAD16000209FD /* Personal_FinanceUITests.swift in Sources */ = {isa = PBXBuildFile; fileRef = B8244F241C9DAD16000209FD /* Personal_FinanceUITests.swift */; };
		B8244F541C9E1881000209FD /* FMDatabase.m in Sources */ = {isa = PBXBuildFile; fileRef = B8244F491C9E1881000209FD /* FMDatabase.m */; };
		B8244F551C9E1881000209FD /* FMDatabaseAdditions.m in Sources */ = {isa = PBXBuildFile; fileRef = B8244F4B1C9E1881000209FD /* FMDatabaseAdditions.m */; };
		B8244F561C9E1881000209FD /* FMDatabasePool.m in Sources */ = {isa = PBXBuildFile; fileRef = B8244F4D1C9E1881000209FD /* FMDatabasePool.m */; };
		B8244F571C9E1881000209FD /* FMDatabaseQueue.m in Sources */ = {isa = PBXBuildFile; fileRef = B8244F4F1C9E1881000209FD /* FMDatabaseQueue.m */; };
		B8244F581C9E1881000209FD /* FMResultSet.m in Sources */ = {isa = PBXBuildFile; fileRef = B8244F521C9E1881000209FD /* FMResultSet.m */; };
		B8244F591C9E1881000209FD /* Info.plist in Resources */ = {isa = PBXBuildFile; fileRef = B8244F531C9E1881000209FD /* Info.plist */; };
		B8244F5B1C9E18D4000209FD /* libsqlite3.tbd in Frameworks */ = {isa = PBXBuildFile; fileRef = B8244F5A1C9E18D4000209FD /* libsqlite3.tbd */; };
		B8244F5D1C9E1A31000209FD /* DBWrapper.swift in Sources */ = {isa = PBXBuildFile; fileRef = B8244F5C1C9E1A31000209FD /* DBWrapper.swift */; };
		B8244F5F1C9E259C000209FD /* Model.swift in Sources */ = {isa = PBXBuildFile; fileRef = B8244F5E1C9E259C000209FD /* Model.swift */; };
		B8244F611C9E8065000209FD /* TransactionsViewController.swift in Sources */ = {isa = PBXBuildFile; fileRef = B8244F601C9E8065000209FD /* TransactionsViewController.swift */; };
		B8244F631C9F7123000209FD /* TransactionTableViewCell.swift in Sources */ = {isa = PBXBuildFile; fileRef = B8244F621C9F7123000209FD /* TransactionTableViewCell.swift */; };
		B8244F651C9F9A1B000209FD /* AccountsViewController.swift in Sources */ = {isa = PBXBuildFile; fileRef = B8244F641C9F9A1B000209FD /* AccountsViewController.swift */; };
		B8244F671C9FAA8A000209FD /* BillsViewController.swift in Sources */ = {isa = PBXBuildFile; fileRef = B8244F661C9FAA8A000209FD /* BillsViewController.swift */; };
		B8244F691C9FAA9C000209FD /* BudgetViewController.swift in Sources */ = {isa = PBXBuildFile; fileRef = B8244F681C9FAA9C000209FD /* BudgetViewController.swift */; };
		B8244F6B1C9FAB3B000209FD /* ReportsViewController.swift in Sources */ = {isa = PBXBuildFile; fileRef = B8244F6A1C9FAB3B000209FD /* ReportsViewController.swift */; };
		B8244F6D1C9FAB4E000209FD /* HistoryViewController.swift in Sources */ = {isa = PBXBuildFile; fileRef = B8244F6C1C9FAB4E000209FD /* HistoryViewController.swift */; };
		B8244F6F1C9FB767000209FD /* BillTableViewCell.swift in Sources */ = {isa = PBXBuildFile; fileRef = B8244F6E1C9FB767000209FD /* BillTableViewCell.swift */; };
		B85504E21CA4CF0D00F493F0 /* PersonalFinance.sqlite in Resources */ = {isa = PBXBuildFile; fileRef = B85504E11CA4CF0D00F493F0 /* PersonalFinance.sqlite */; };
		B85504E41CA5136200F493F0 /* NewAccountViewController.swift in Sources */ = {isa = PBXBuildFile; fileRef = B85504E31CA5136200F493F0 /* NewAccountViewController.swift */; };
		B85504E61CA51F6B00F493F0 /* AccountTypeSelectionViewController.swift in Sources */ = {isa = PBXBuildFile; fileRef = B85504E51CA51F6B00F493F0 /* AccountTypeSelectionViewController.swift */; };
		B859446E1C9FCCD900B2618F /* MonthOveralBudgetTableViewCell.swift in Sources */ = {isa = PBXBuildFile; fileRef = B859446D1C9FCCD900B2618F /* MonthOveralBudgetTableViewCell.swift */; };
		B85944701C9FCCFB00B2618F /* CategoryBudgetTableViewCell.swift in Sources */ = {isa = PBXBuildFile; fileRef = B859446F1C9FCCFB00B2618F /* CategoryBudgetTableViewCell.swift */; };
		B85944721CA0AD6000B2618F /* NSDateExtension.swift in Sources */ = {isa = PBXBuildFile; fileRef = B85944711CA0AD6000B2618F /* NSDateExtension.swift */; };
		B85944741CA0EED600B2618F /* AddTransactionViewController.swift in Sources */ = {isa = PBXBuildFile; fileRef = B85944731CA0EED600B2618F /* AddTransactionViewController.swift */; };
		B85944761CA1149E00B2618F /* TextFieldTableViewCell.swift in Sources */ = {isa = PBXBuildFile; fileRef = B85944751CA1149E00B2618F /* TextFieldTableViewCell.swift */; };
		B864117A1CA1EE4F00EAFAC9 /* textViewTableViewCell.swift in Sources */ = {isa = PBXBuildFile; fileRef = B86411791CA1EE4F00EAFAC9 /* textViewTableViewCell.swift */; };
		B864117C1CA1EE5D00EAFAC9 /* photoTableViewCell.swift in Sources */ = {isa = PBXBuildFile; fileRef = B864117B1CA1EE5D00EAFAC9 /* photoTableViewCell.swift */; };
		B864117E1CA1FD6F00EAFAC9 /* DatePickerTableViewCell.swift in Sources */ = {isa = PBXBuildFile; fileRef = B864117D1CA1FD6F00EAFAC9 /* DatePickerTableViewCell.swift */; };
		B86411821CA2515F00EAFAC9 /* AccountSelectionViewController.swift in Sources */ = {isa = PBXBuildFile; fileRef = B86411811CA2515F00EAFAC9 /* AccountSelectionViewController.swift */; };
		B86411841CA2819A00EAFAC9 /* CategorySelectionViewController.swift in Sources */ = {isa = PBXBuildFile; fileRef = B86411831CA2819A00EAFAC9 /* CategorySelectionViewController.swift */; };
		B86411861CA28C9F00EAFAC9 /* CurrencySelectionViewController.swift in Sources */ = {isa = PBXBuildFile; fileRef = B86411851CA28C9F00EAFAC9 /* CurrencySelectionViewController.swift */; };
		B86411881CA2907B00EAFAC9 /* PayeeSelectionViewController.swift in Sources */ = {isa = PBXBuildFile; fileRef = B86411871CA2907B00EAFAC9 /* PayeeSelectionViewController.swift */; };
		B864118A1CA2938B00EAFAC9 /* RecurringSelectionViewController.swift in Sources */ = {isa = PBXBuildFile; fileRef = B86411891CA2938B00EAFAC9 /* RecurringSelectionViewController.swift */; };
		B892B4471CA7844C0020B36D /* NewBillViewController.swift in Sources */ = {isa = PBXBuildFile; fileRef = B892B4461CA7844C0020B36D /* NewBillViewController.swift */; };
		B892B4491CA786270020B36D /* SegmentadControlTableViewCell.swift in Sources */ = {isa = PBXBuildFile; fileRef = B892B4481CA786270020B36D /* SegmentadControlTableViewCell.swift */; };
		B892B44B1CA7BF940020B36D /* NewBudgetViewController.swift in Sources */ = {isa = PBXBuildFile; fileRef = B892B44A1CA7BF940020B36D /* NewBudgetViewController.swift */; };
		B892B44D1CA7F4590020B36D /* CategoriesViewController.swift in Sources */ = {isa = PBXBuildFile; fileRef = B892B44C1CA7F4590020B36D /* CategoriesViewController.swift */; };
		B892B44F1CA7F4690020B36D /* PayeesViewController.swift in Sources */ = {isa = PBXBuildFile; fileRef = B892B44E1CA7F4690020B36D /* PayeesViewController.swift */; };
		B892B4511CA8E8FF0020B36D /* NewCategoryViewController.swift in Sources */ = {isa = PBXBuildFile; fileRef = B892B4501CA8E8FF0020B36D /* NewCategoryViewController.swift */; };
		B892B4531CA901C00020B36D /* IconSelectionViewController.swift in Sources */ = {isa = PBXBuildFile; fileRef = B892B4521CA901C00020B36D /* IconSelectionViewController.swift */; };
		B892B4551CA902E90020B36D /* IconCollectionViewCell.swift in Sources */ = {isa = PBXBuildFile; fileRef = B892B4541CA902E90020B36D /* IconCollectionViewCell.swift */; };
		B892B4571CA91FBF0020B36D /* NewPayeeViewController.swift in Sources */ = {isa = PBXBuildFile; fileRef = B892B4561CA91FBF0020B36D /* NewPayeeViewController.swift */; };
		B8E5A2451CDE4324007AE541 /* FX.swift in Sources */ = {isa = PBXBuildFile; fileRef = B8E5A2411CDE4324007AE541 /* FX.swift */; };
		B8E5A2461CDE4324007AE541 /* OpenExchangeRates.swift in Sources */ = {isa = PBXBuildFile; fileRef = B8E5A2421CDE4324007AE541 /* OpenExchangeRates.swift */; };
		B8E5A2471CDE4324007AE541 /* Yahoo.swift in Sources */ = {isa = PBXBuildFile; fileRef = B8E5A2431CDE4324007AE541 /* Yahoo.swift */; };
		B8E5A24D1CDE45B3007AE541 /* Info.plist in Resources */ = {isa = PBXBuildFile; fileRef = B8E5A2491CDE45B3007AE541 /* Info.plist */; };
		B8E5A24E1CDE45B3007AE541 /* Result.swift in Sources */ = {isa = PBXBuildFile; fileRef = B8E5A24B1CDE45B3007AE541 /* Result.swift */; };
		B8E5A24F1CDE45B3007AE541 /* ResultType.swift in Sources */ = {isa = PBXBuildFile; fileRef = B8E5A24C1CDE45B3007AE541 /* ResultType.swift */; };
		B8E5A2571CDE462E007AE541 /* Info-iOS.plist in Resources */ = {isa = PBXBuildFile; fileRef = B8E5A2511CDE462E007AE541 /* Info-iOS.plist */; };
		B8E5A2581CDE462E007AE541 /* Info-OSX.plist in Resources */ = {isa = PBXBuildFile; fileRef = B8E5A2521CDE462E007AE541 /* Info-OSX.plist */; };
		B8E5A2591CDE462E007AE541 /* Info-tvOS.plist in Resources */ = {isa = PBXBuildFile; fileRef = B8E5A2531CDE462E007AE541 /* Info-tvOS.plist */; };
		B8E5A25A1CDE462E007AE541 /* Info-watchOS.plist in Resources */ = {isa = PBXBuildFile; fileRef = B8E5A2541CDE462E007AE541 /* Info-watchOS.plist */; };
		B8E5A25B1CDE462E007AE541 /* SwiftyJSON.swift in Sources */ = {isa = PBXBuildFile; fileRef = B8E5A2561CDE462E007AE541 /* SwiftyJSON.swift */; };
		B8F3AEEA1CB561890015BB03 /* ABillViewController.swift in Sources */ = {isa = PBXBuildFile; fileRef = B8F3AEE91CB561890015BB03 /* ABillViewController.swift */; };
/* End PBXBuildFile section */

/* Begin PBXContainerItemProxy section */
		B8244F161C9DAD16000209FD /* PBXContainerItemProxy */ = {
			isa = PBXContainerItemProxy;
			containerPortal = B8244EF91C9DAD16000209FD /* Project object */;
			proxyType = 1;
			remoteGlobalIDString = B8244F001C9DAD16000209FD;
			remoteInfo = "Personal Finance";
		};
		B8244F211C9DAD16000209FD /* PBXContainerItemProxy */ = {
			isa = PBXContainerItemProxy;
			containerPortal = B8244EF91C9DAD16000209FD /* Project object */;
			proxyType = 1;
			remoteGlobalIDString = B8244F001C9DAD16000209FD;
			remoteInfo = "Personal Finance";
		};
/* End PBXContainerItemProxy section */

/* Begin PBXFileReference section */
		B80D16EA1CAEB09400026764 /* Autogenerated.swift */ = {isa = PBXFileReference; fileEncoding = 4; lastKnownFileType = sourcecode.swift; path = Autogenerated.swift; sourceTree = "<group>"; };
		B80D16EB1CAEB09400026764 /* Bitcoin.swift */ = {isa = PBXFileReference; fileEncoding = 4; lastKnownFileType = sourcecode.swift; path = Bitcoin.swift; sourceTree = "<group>"; };
		B80D16EC1CAEB09400026764 /* Currency.swift */ = {isa = PBXFileReference; fileEncoding = 4; lastKnownFileType = sourcecode.swift; path = Currency.swift; sourceTree = "<group>"; };
		B80D16F01CAEB09E00026764 /* Locale.swift */ = {isa = PBXFileReference; fileEncoding = 4; lastKnownFileType = sourcecode.swift; path = Locale.swift; sourceTree = "<group>"; };
		B80D16F11CAEB09E00026764 /* Money.swift */ = {isa = PBXFileReference; fileEncoding = 4; lastKnownFileType = sourcecode.swift; path = Money.swift; sourceTree = "<group>"; };
		B80D16F21CAEB09E00026764 /* Support.swift */ = {isa = PBXFileReference; fileEncoding = 4; lastKnownFileType = sourcecode.swift; path = Support.swift; sourceTree = "<group>"; };
		B80D16F71CAEB0B300026764 /* Decimal.swift */ = {isa = PBXFileReference; fileEncoding = 4; lastKnownFileType = sourcecode.swift; path = Decimal.swift; sourceTree = "<group>"; };
		B80D16F81CAEB0B300026764 /* DecimalNumberType.swift */ = {isa = PBXFileReference; fileEncoding = 4; lastKnownFileType = sourcecode.swift; path = DecimalNumberType.swift; sourceTree = "<group>"; };
		B80D16F91CAEB0B300026764 /* NSDecimalExtensions.swift */ = {isa = PBXFileReference; fileEncoding = 4; lastKnownFileType = sourcecode.swift; path = NSDecimalExtensions.swift; sourceTree = "<group>"; };
		B80D16FA1CAEB0B300026764 /* NSDecimalNumberExtensions.swift */ = {isa = PBXFileReference; fileEncoding = 4; lastKnownFileType = sourcecode.swift; path = NSDecimalNumberExtensions.swift; sourceTree = "<group>"; };
		B80D17001CAEB23600026764 /* ValueCoding.swift */ = {isa = PBXFileReference; fileEncoding = 4; lastKnownFileType = sourcecode.swift; path = ValueCoding.swift; sourceTree = "<group>"; };
		B8244F011C9DAD16000209FD /* Personal Finance.app */ = {isa = PBXFileReference; explicitFileType = wrapper.application; includeInIndex = 0; path = "Personal Finance.app"; sourceTree = BUILT_PRODUCTS_DIR; };
		B8244F041C9DAD16000209FD /* AppDelegate.swift */ = {isa = PBXFileReference; lastKnownFileType = sourcecode.swift; path = AppDelegate.swift; sourceTree = "<group>"; };
		B8244F061C9DAD16000209FD /* MainViewController.swift */ = {isa = PBXFileReference; lastKnownFileType = sourcecode.swift; path = MainViewController.swift; sourceTree = "<group>"; };
		B8244F091C9DAD16000209FD /* Base */ = {isa = PBXFileReference; lastKnownFileType = file.storyboard; name = Base; path = Base.lproj/Main.storyboard; sourceTree = "<group>"; };
		B8244F0B1C9DAD16000209FD /* Assets.xcassets */ = {isa = PBXFileReference; lastKnownFileType = folder.assetcatalog; path = Assets.xcassets; sourceTree = "<group>"; };
		B8244F0E1C9DAD16000209FD /* Base */ = {isa = PBXFileReference; lastKnownFileType = file.storyboard; name = Base; path = Base.lproj/LaunchScreen.storyboard; sourceTree = "<group>"; };
		B8244F101C9DAD16000209FD /* Info.plist */ = {isa = PBXFileReference; lastKnownFileType = text.plist.xml; path = Info.plist; sourceTree = "<group>"; };
		B8244F151C9DAD16000209FD /* Personal FinanceTests.xctest */ = {isa = PBXFileReference; explicitFileType = wrapper.cfbundle; includeInIndex = 0; path = "Personal FinanceTests.xctest"; sourceTree = BUILT_PRODUCTS_DIR; };
		B8244F191C9DAD16000209FD /* Personal_FinanceTests.swift */ = {isa = PBXFileReference; lastKnownFileType = sourcecode.swift; path = Personal_FinanceTests.swift; sourceTree = "<group>"; };
		B8244F1B1C9DAD16000209FD /* Info.plist */ = {isa = PBXFileReference; lastKnownFileType = text.plist.xml; path = Info.plist; sourceTree = "<group>"; };
		B8244F201C9DAD16000209FD /* Personal FinanceUITests.xctest */ = {isa = PBXFileReference; explicitFileType = wrapper.cfbundle; includeInIndex = 0; path = "Personal FinanceUITests.xctest"; sourceTree = BUILT_PRODUCTS_DIR; };
		B8244F241C9DAD16000209FD /* Personal_FinanceUITests.swift */ = {isa = PBXFileReference; lastKnownFileType = sourcecode.swift; path = Personal_FinanceUITests.swift; sourceTree = "<group>"; };
		B8244F261C9DAD16000209FD /* Info.plist */ = {isa = PBXFileReference; lastKnownFileType = text.plist.xml; path = Info.plist; sourceTree = "<group>"; };
		B8244F471C9E1880000209FD /* Personal Finance-Bridging-Header.h */ = {isa = PBXFileReference; lastKnownFileType = sourcecode.c.h; path = "Personal Finance-Bridging-Header.h"; sourceTree = "<group>"; };
		B8244F481C9E1881000209FD /* FMDatabase.h */ = {isa = PBXFileReference; fileEncoding = 4; lastKnownFileType = sourcecode.c.h; name = FMDatabase.h; path = FMDB/FMDatabase.h; sourceTree = "<group>"; };
		B8244F491C9E1881000209FD /* FMDatabase.m */ = {isa = PBXFileReference; fileEncoding = 4; lastKnownFileType = sourcecode.c.objc; name = FMDatabase.m; path = FMDB/FMDatabase.m; sourceTree = "<group>"; };
		B8244F4A1C9E1881000209FD /* FMDatabaseAdditions.h */ = {isa = PBXFileReference; fileEncoding = 4; lastKnownFileType = sourcecode.c.h; name = FMDatabaseAdditions.h; path = FMDB/FMDatabaseAdditions.h; sourceTree = "<group>"; };
		B8244F4B1C9E1881000209FD /* FMDatabaseAdditions.m */ = {isa = PBXFileReference; fileEncoding = 4; lastKnownFileType = sourcecode.c.objc; name = FMDatabaseAdditions.m; path = FMDB/FMDatabaseAdditions.m; sourceTree = "<group>"; };
		B8244F4C1C9E1881000209FD /* FMDatabasePool.h */ = {isa = PBXFileReference; fileEncoding = 4; lastKnownFileType = sourcecode.c.h; name = FMDatabasePool.h; path = FMDB/FMDatabasePool.h; sourceTree = "<group>"; };
		B8244F4D1C9E1881000209FD /* FMDatabasePool.m */ = {isa = PBXFileReference; fileEncoding = 4; lastKnownFileType = sourcecode.c.objc; name = FMDatabasePool.m; path = FMDB/FMDatabasePool.m; sourceTree = "<group>"; };
		B8244F4E1C9E1881000209FD /* FMDatabaseQueue.h */ = {isa = PBXFileReference; fileEncoding = 4; lastKnownFileType = sourcecode.c.h; name = FMDatabaseQueue.h; path = FMDB/FMDatabaseQueue.h; sourceTree = "<group>"; };
		B8244F4F1C9E1881000209FD /* FMDatabaseQueue.m */ = {isa = PBXFileReference; fileEncoding = 4; lastKnownFileType = sourcecode.c.objc; name = FMDatabaseQueue.m; path = FMDB/FMDatabaseQueue.m; sourceTree = "<group>"; };
		B8244F501C9E1881000209FD /* FMDB.h */ = {isa = PBXFileReference; fileEncoding = 4; lastKnownFileType = sourcecode.c.h; name = FMDB.h; path = FMDB/FMDB.h; sourceTree = "<group>"; };
		B8244F511C9E1881000209FD /* FMResultSet.h */ = {isa = PBXFileReference; fileEncoding = 4; lastKnownFileType = sourcecode.c.h; name = FMResultSet.h; path = FMDB/FMResultSet.h; sourceTree = "<group>"; };
		B8244F521C9E1881000209FD /* FMResultSet.m */ = {isa = PBXFileReference; fileEncoding = 4; lastKnownFileType = sourcecode.c.objc; name = FMResultSet.m; path = FMDB/FMResultSet.m; sourceTree = "<group>"; };
		B8244F531C9E1881000209FD /* Info.plist */ = {isa = PBXFileReference; fileEncoding = 4; lastKnownFileType = text.plist.xml; name = Info.plist; path = FMDB/Info.plist; sourceTree = "<group>"; };
		B8244F5A1C9E18D4000209FD /* libsqlite3.tbd */ = {isa = PBXFileReference; lastKnownFileType = "sourcecode.text-based-dylib-definition"; name = libsqlite3.tbd; path = usr/lib/libsqlite3.tbd; sourceTree = SDKROOT; };
		B8244F5C1C9E1A31000209FD /* DBWrapper.swift */ = {isa = PBXFileReference; fileEncoding = 4; lastKnownFileType = sourcecode.swift; path = DBWrapper.swift; sourceTree = "<group>"; };
		B8244F5E1C9E259C000209FD /* Model.swift */ = {isa = PBXFileReference; fileEncoding = 4; lastKnownFileType = sourcecode.swift; name = Model.swift; path = ../Model.swift; sourceTree = "<group>"; };
		B8244F601C9E8065000209FD /* TransactionsViewController.swift */ = {isa = PBXFileReference; fileEncoding = 4; lastKnownFileType = sourcecode.swift; path = TransactionsViewController.swift; sourceTree = "<group>"; };
		B8244F621C9F7123000209FD /* TransactionTableViewCell.swift */ = {isa = PBXFileReference; fileEncoding = 4; lastKnownFileType = sourcecode.swift; path = TransactionTableViewCell.swift; sourceTree = "<group>"; };
		B8244F641C9F9A1B000209FD /* AccountsViewController.swift */ = {isa = PBXFileReference; fileEncoding = 4; lastKnownFileType = sourcecode.swift; path = AccountsViewController.swift; sourceTree = "<group>"; };
		B8244F661C9FAA8A000209FD /* BillsViewController.swift */ = {isa = PBXFileReference; fileEncoding = 4; lastKnownFileType = sourcecode.swift; path = BillsViewController.swift; sourceTree = "<group>"; };
		B8244F681C9FAA9C000209FD /* BudgetViewController.swift */ = {isa = PBXFileReference; fileEncoding = 4; lastKnownFileType = sourcecode.swift; path = BudgetViewController.swift; sourceTree = "<group>"; };
		B8244F6A1C9FAB3B000209FD /* ReportsViewController.swift */ = {isa = PBXFileReference; fileEncoding = 4; lastKnownFileType = sourcecode.swift; path = ReportsViewController.swift; sourceTree = "<group>"; };
		B8244F6C1C9FAB4E000209FD /* HistoryViewController.swift */ = {isa = PBXFileReference; fileEncoding = 4; lastKnownFileType = sourcecode.swift; path = HistoryViewController.swift; sourceTree = "<group>"; };
		B8244F6E1C9FB767000209FD /* BillTableViewCell.swift */ = {isa = PBXFileReference; fileEncoding = 4; lastKnownFileType = sourcecode.swift; path = BillTableViewCell.swift; sourceTree = "<group>"; };
		B85504E11CA4CF0D00F493F0 /* PersonalFinance.sqlite */ = {isa = PBXFileReference; lastKnownFileType = file; path = PersonalFinance.sqlite; sourceTree = "<group>"; };
		B85504E31CA5136200F493F0 /* NewAccountViewController.swift */ = {isa = PBXFileReference; fileEncoding = 4; lastKnownFileType = sourcecode.swift; path = NewAccountViewController.swift; sourceTree = "<group>"; };
		B85504E51CA51F6B00F493F0 /* AccountTypeSelectionViewController.swift */ = {isa = PBXFileReference; fileEncoding = 4; lastKnownFileType = sourcecode.swift; path = AccountTypeSelectionViewController.swift; sourceTree = "<group>"; };
		B859446D1C9FCCD900B2618F /* MonthOveralBudgetTableViewCell.swift */ = {isa = PBXFileReference; fileEncoding = 4; lastKnownFileType = sourcecode.swift; path = MonthOveralBudgetTableViewCell.swift; sourceTree = "<group>"; };
		B859446F1C9FCCFB00B2618F /* CategoryBudgetTableViewCell.swift */ = {isa = PBXFileReference; fileEncoding = 4; lastKnownFileType = sourcecode.swift; path = CategoryBudgetTableViewCell.swift; sourceTree = "<group>"; };
		B85944711CA0AD6000B2618F /* NSDateExtension.swift */ = {isa = PBXFileReference; fileEncoding = 4; lastKnownFileType = sourcecode.swift; path = NSDateExtension.swift; sourceTree = "<group>"; };
		B85944731CA0EED600B2618F /* AddTransactionViewController.swift */ = {isa = PBXFileReference; fileEncoding = 4; lastKnownFileType = sourcecode.swift; path = AddTransactionViewController.swift; sourceTree = "<group>"; };
		B85944751CA1149E00B2618F /* TextFieldTableViewCell.swift */ = {isa = PBXFileReference; fileEncoding = 4; lastKnownFileType = sourcecode.swift; path = TextFieldTableViewCell.swift; sourceTree = "<group>"; };
		B86411791CA1EE4F00EAFAC9 /* textViewTableViewCell.swift */ = {isa = PBXFileReference; fileEncoding = 4; lastKnownFileType = sourcecode.swift; path = textViewTableViewCell.swift; sourceTree = "<group>"; };
		B864117B1CA1EE5D00EAFAC9 /* photoTableViewCell.swift */ = {isa = PBXFileReference; fileEncoding = 4; lastKnownFileType = sourcecode.swift; path = photoTableViewCell.swift; sourceTree = "<group>"; };
		B864117D1CA1FD6F00EAFAC9 /* DatePickerTableViewCell.swift */ = {isa = PBXFileReference; fileEncoding = 4; lastKnownFileType = sourcecode.swift; path = DatePickerTableViewCell.swift; sourceTree = "<group>"; };
		B86411811CA2515F00EAFAC9 /* AccountSelectionViewController.swift */ = {isa = PBXFileReference; fileEncoding = 4; lastKnownFileType = sourcecode.swift; path = AccountSelectionViewController.swift; sourceTree = "<group>"; };
		B86411831CA2819A00EAFAC9 /* CategorySelectionViewController.swift */ = {isa = PBXFileReference; fileEncoding = 4; lastKnownFileType = sourcecode.swift; path = CategorySelectionViewController.swift; sourceTree = "<group>"; };
		B86411851CA28C9F00EAFAC9 /* CurrencySelectionViewController.swift */ = {isa = PBXFileReference; fileEncoding = 4; lastKnownFileType = sourcecode.swift; path = CurrencySelectionViewController.swift; sourceTree = "<group>"; };
		B86411871CA2907B00EAFAC9 /* PayeeSelectionViewController.swift */ = {isa = PBXFileReference; fileEncoding = 4; lastKnownFileType = sourcecode.swift; path = PayeeSelectionViewController.swift; sourceTree = "<group>"; };
		B86411891CA2938B00EAFAC9 /* RecurringSelectionViewController.swift */ = {isa = PBXFileReference; fileEncoding = 4; lastKnownFileType = sourcecode.swift; path = RecurringSelectionViewController.swift; sourceTree = "<group>"; };
		B892B4461CA7844C0020B36D /* NewBillViewController.swift */ = {isa = PBXFileReference; fileEncoding = 4; lastKnownFileType = sourcecode.swift; path = NewBillViewController.swift; sourceTree = "<group>"; };
		B892B4481CA786270020B36D /* SegmentadControlTableViewCell.swift */ = {isa = PBXFileReference; fileEncoding = 4; lastKnownFileType = sourcecode.swift; path = SegmentadControlTableViewCell.swift; sourceTree = "<group>"; };
		B892B44A1CA7BF940020B36D /* NewBudgetViewController.swift */ = {isa = PBXFileReference; fileEncoding = 4; lastKnownFileType = sourcecode.swift; path = NewBudgetViewController.swift; sourceTree = "<group>"; };
		B892B44C1CA7F4590020B36D /* CategoriesViewController.swift */ = {isa = PBXFileReference; fileEncoding = 4; lastKnownFileType = sourcecode.swift; path = CategoriesViewController.swift; sourceTree = "<group>"; };
		B892B44E1CA7F4690020B36D /* PayeesViewController.swift */ = {isa = PBXFileReference; fileEncoding = 4; lastKnownFileType = sourcecode.swift; path = PayeesViewController.swift; sourceTree = "<group>"; };
		B892B4501CA8E8FF0020B36D /* NewCategoryViewController.swift */ = {isa = PBXFileReference; fileEncoding = 4; lastKnownFileType = sourcecode.swift; path = NewCategoryViewController.swift; sourceTree = "<group>"; };
		B892B4521CA901C00020B36D /* IconSelectionViewController.swift */ = {isa = PBXFileReference; fileEncoding = 4; lastKnownFileType = sourcecode.swift; path = IconSelectionViewController.swift; sourceTree = "<group>"; };
		B892B4541CA902E90020B36D /* IconCollectionViewCell.swift */ = {isa = PBXFileReference; fileEncoding = 4; lastKnownFileType = sourcecode.swift; path = IconCollectionViewCell.swift; sourceTree = "<group>"; };
		B892B4561CA91FBF0020B36D /* NewPayeeViewController.swift */ = {isa = PBXFileReference; fileEncoding = 4; lastKnownFileType = sourcecode.swift; path = NewPayeeViewController.swift; sourceTree = "<group>"; };
		B892B4581CA954750020B36D /* MyPlayground.playground */ = {isa = PBXFileReference; lastKnownFileType = file.playground; path = MyPlayground.playground; sourceTree = "<group>"; };
		B8E5A2411CDE4324007AE541 /* FX.swift */ = {isa = PBXFileReference; fileEncoding = 4; lastKnownFileType = sourcecode.swift; path = FX.swift; sourceTree = "<group>"; };
		B8E5A2421CDE4324007AE541 /* OpenExchangeRates.swift */ = {isa = PBXFileReference; fileEncoding = 4; lastKnownFileType = sourcecode.swift; path = OpenExchangeRates.swift; sourceTree = "<group>"; };
		B8E5A2431CDE4324007AE541 /* Yahoo.swift */ = {isa = PBXFileReference; fileEncoding = 4; lastKnownFileType = sourcecode.swift; path = Yahoo.swift; sourceTree = "<group>"; };
		B8E5A2491CDE45B3007AE541 /* Info.plist */ = {isa = PBXFileReference; fileEncoding = 4; lastKnownFileType = text.plist.xml; path = Info.plist; sourceTree = "<group>"; };
		B8E5A24A1CDE45B3007AE541 /* Result.h */ = {isa = PBXFileReference; fileEncoding = 4; lastKnownFileType = sourcecode.c.h; path = Result.h; sourceTree = "<group>"; };
		B8E5A24B1CDE45B3007AE541 /* Result.swift */ = {isa = PBXFileReference; fileEncoding = 4; lastKnownFileType = sourcecode.swift; path = Result.swift; sourceTree = "<group>"; };
		B8E5A24C1CDE45B3007AE541 /* ResultType.swift */ = {isa = PBXFileReference; fileEncoding = 4; lastKnownFileType = sourcecode.swift; path = ResultType.swift; sourceTree = "<group>"; };
		B8E5A2511CDE462E007AE541 /* Info-iOS.plist */ = {isa = PBXFileReference; fileEncoding = 4; lastKnownFileType = text.plist.xml; path = "Info-iOS.plist"; sourceTree = "<group>"; };
		B8E5A2521CDE462E007AE541 /* Info-OSX.plist */ = {isa = PBXFileReference; fileEncoding = 4; lastKnownFileType = text.plist.xml; path = "Info-OSX.plist"; sourceTree = "<group>"; };
		B8E5A2531CDE462E007AE541 /* Info-tvOS.plist */ = {isa = PBXFileReference; fileEncoding = 4; lastKnownFileType = text.plist.xml; path = "Info-tvOS.plist"; sourceTree = "<group>"; };
		B8E5A2541CDE462E007AE541 /* Info-watchOS.plist */ = {isa = PBXFileReference; fileEncoding = 4; lastKnownFileType = text.plist.xml; path = "Info-watchOS.plist"; sourceTree = "<group>"; };
		B8E5A2551CDE462E007AE541 /* SwiftyJSON.h */ = {isa = PBXFileReference; fileEncoding = 4; lastKnownFileType = sourcecode.c.h; path = SwiftyJSON.h; sourceTree = "<group>"; };
		B8E5A2561CDE462E007AE541 /* SwiftyJSON.swift */ = {isa = PBXFileReference; fileEncoding = 4; lastKnownFileType = sourcecode.swift; path = SwiftyJSON.swift; sourceTree = "<group>"; };
		B8F3AEE91CB561890015BB03 /* ABillViewController.swift */ = {isa = PBXFileReference; fileEncoding = 4; lastKnownFileType = sourcecode.swift; path = ABillViewController.swift; sourceTree = "<group>"; };
/* End PBXFileReference section */

/* Begin PBXFrameworksBuildPhase section */
		B8244EFE1C9DAD16000209FD /* Frameworks */ = {
			isa = PBXFrameworksBuildPhase;
			buildActionMask = 2147483647;
			files = (
				B8244F5B1C9E18D4000209FD /* libsqlite3.tbd in Frameworks */,
			);
			runOnlyForDeploymentPostprocessing = 0;
		};
		B8244F121C9DAD16000209FD /* Frameworks */ = {
			isa = PBXFrameworksBuildPhase;
			buildActionMask = 2147483647;
			files = (
			);
			runOnlyForDeploymentPostprocessing = 0;
		};
		B8244F1D1C9DAD16000209FD /* Frameworks */ = {
			isa = PBXFrameworksBuildPhase;
			buildActionMask = 2147483647;
			files = (
			);
			runOnlyForDeploymentPostprocessing = 0;
		};
/* End PBXFrameworksBuildPhase section */

/* Begin PBXGroup section */
		B80D16E91CAEB07B00026764 /* Money */ = {
			isa = PBXGroup;
			children = (
				B80D16F61CAEB0A300026764 /* Decimal */,
				B80D16EA1CAEB09400026764 /* Autogenerated.swift */,
				B80D16EB1CAEB09400026764 /* Bitcoin.swift */,
				B80D16EC1CAEB09400026764 /* Currency.swift */,
				B80D16F01CAEB09E00026764 /* Locale.swift */,
				B80D16F11CAEB09E00026764 /* Money.swift */,
				B80D16F21CAEB09E00026764 /* Support.swift */,
			);
			name = Money;
			sourceTree = "<group>";
		};
		B80D16F61CAEB0A300026764 /* Decimal */ = {
			isa = PBXGroup;
			children = (
				B80D16F71CAEB0B300026764 /* Decimal.swift */,
				B80D16F81CAEB0B300026764 /* DecimalNumberType.swift */,
				B80D16F91CAEB0B300026764 /* NSDecimalExtensions.swift */,
				B80D16FA1CAEB0B300026764 /* NSDecimalNumberExtensions.swift */,
			);
			name = Decimal;
			sourceTree = "<group>";
		};
		B80D16FF1CAEB21A00026764 /* ValueCoding */ = {
			isa = PBXGroup;
			children = (
				B80D17001CAEB23600026764 /* ValueCoding.swift */,
			);
			name = ValueCoding;
			sourceTree = "<group>";
		};
		B8244EF81C9DAD16000209FD = {
			isa = PBXGroup;
			children = (
				B85504E11CA4CF0D00F493F0 /* PersonalFinance.sqlite */,
				B8244F031C9DAD16000209FD /* Personal Finance */,
				B8244F181C9DAD16000209FD /* Personal FinanceTests */,
				B8244F231C9DAD16000209FD /* Personal FinanceUITests */,
				B8244F021C9DAD16000209FD /* Products */,
				B892B4581CA954750020B36D /* MyPlayground.playground */,
			);
			sourceTree = "<group>";
		};
		B8244F021C9DAD16000209FD /* Products */ = {
			isa = PBXGroup;
			children = (
				B8244F011C9DAD16000209FD /* Personal Finance.app */,
				B8244F151C9DAD16000209FD /* Personal FinanceTests.xctest */,
				B8244F201C9DAD16000209FD /* Personal FinanceUITests.xctest */,
			);
			name = Products;
			sourceTree = "<group>";
		};
		B8244F031C9DAD16000209FD /* Personal Finance */ = {
			isa = PBXGroup;
			children = (
				B8244F041C9DAD16000209FD /* AppDelegate.swift */,
				B8244F5C1C9E1A31000209FD /* DBWrapper.swift */,
				B8244F5E1C9E259C000209FD /* Model.swift */,
				B85944711CA0AD6000B2618F /* NSDateExtension.swift */,
				B86411801CA1FDB400EAFAC9 /* Controllers */,
				B864117F1CA1FD9E00EAFAC9 /* Views */,
				B8244F081C9DAD16000209FD /* Main.storyboard */,
				B8244F0B1C9DAD16000209FD /* Assets.xcassets */,
				B8244F0D1C9DAD16000209FD /* LaunchScreen.storyboard */,
				B8244F101C9DAD16000209FD /* Info.plist */,
				B8E5A2501CDE45F5007AE541 /* SwiftyJSON */,
				B8244F461C9E1822000209FD /* FMDB */,
				B8E5A2481CDE459E007AE541 /* Result */,
				B8E5A23F1CDE4307007AE541 /* FX */,
				B80D16E91CAEB07B00026764 /* Money */,
				B80D16FF1CAEB21A00026764 /* ValueCoding */,
				B8244F5A1C9E18D4000209FD /* libsqlite3.tbd */,
			);
			path = "Personal Finance";
			sourceTree = "<group>";
		};
		B8244F181C9DAD16000209FD /* Personal FinanceTests */ = {
			isa = PBXGroup;
			children = (
				B8244F191C9DAD16000209FD /* Personal_FinanceTests.swift */,
				B8244F1B1C9DAD16000209FD /* Info.plist */,
			);
			path = "Personal FinanceTests";
			sourceTree = "<group>";
		};
		B8244F231C9DAD16000209FD /* Personal FinanceUITests */ = {
			isa = PBXGroup;
			children = (
				B8244F241C9DAD16000209FD /* Personal_FinanceUITests.swift */,
				B8244F261C9DAD16000209FD /* Info.plist */,
			);
			path = "Personal FinanceUITests";
			sourceTree = "<group>";
		};
		B8244F461C9E1822000209FD /* FMDB */ = {
			isa = PBXGroup;
			children = (
				B8244F481C9E1881000209FD /* FMDatabase.h */,
				B8244F491C9E1881000209FD /* FMDatabase.m */,
				B8244F4A1C9E1881000209FD /* FMDatabaseAdditions.h */,
				B8244F4B1C9E1881000209FD /* FMDatabaseAdditions.m */,
				B8244F4C1C9E1881000209FD /* FMDatabasePool.h */,
				B8244F4D1C9E1881000209FD /* FMDatabasePool.m */,
				B8244F4E1C9E1881000209FD /* FMDatabaseQueue.h */,
				B8244F4F1C9E1881000209FD /* FMDatabaseQueue.m */,
				B8244F501C9E1881000209FD /* FMDB.h */,
				B8244F511C9E1881000209FD /* FMResultSet.h */,
				B8244F521C9E1881000209FD /* FMResultSet.m */,
				B8244F531C9E1881000209FD /* Info.plist */,
				B8244F471C9E1880000209FD /* Personal Finance-Bridging-Header.h */,
			);
			name = FMDB;
			sourceTree = "<group>";
		};
		B864117F1CA1FD9E00EAFAC9 /* Views */ = {
			isa = PBXGroup;
			children = (
				B8244F621C9F7123000209FD /* TransactionTableViewCell.swift */,
				B8244F6E1C9FB767000209FD /* BillTableViewCell.swift */,
				B859446D1C9FCCD900B2618F /* MonthOveralBudgetTableViewCell.swift */,
				B859446F1C9FCCFB00B2618F /* CategoryBudgetTableViewCell.swift */,
				B85944751CA1149E00B2618F /* TextFieldTableViewCell.swift */,
				B86411791CA1EE4F00EAFAC9 /* textViewTableViewCell.swift */,
				B864117B1CA1EE5D00EAFAC9 /* photoTableViewCell.swift */,
				B864117D1CA1FD6F00EAFAC9 /* DatePickerTableViewCell.swift */,
				B892B4481CA786270020B36D /* SegmentadControlTableViewCell.swift */,
				B892B4541CA902E90020B36D /* IconCollectionViewCell.swift */,
			);
			name = Views;
			sourceTree = "<group>";
		};
		B86411801CA1FDB400EAFAC9 /* Controllers */ = {
			isa = PBXGroup;
			children = (
				B8244F061C9DAD16000209FD /* MainViewController.swift */,
				B8244F601C9E8065000209FD /* TransactionsViewController.swift */,
				B8244F641C9F9A1B000209FD /* AccountsViewController.swift */,
				B8244F661C9FAA8A000209FD /* BillsViewController.swift */,
				B8F3AEE91CB561890015BB03 /* ABillViewController.swift */,
				B8244F681C9FAA9C000209FD /* BudgetViewController.swift */,
				B892B44C1CA7F4590020B36D /* CategoriesViewController.swift */,
				B892B44E1CA7F4690020B36D /* PayeesViewController.swift */,
				B8244F6A1C9FAB3B000209FD /* ReportsViewController.swift */,
				B8244F6C1C9FAB4E000209FD /* HistoryViewController.swift */,
				B85944731CA0EED600B2618F /* AddTransactionViewController.swift */,
				B86411811CA2515F00EAFAC9 /* AccountSelectionViewController.swift */,
				B86411831CA2819A00EAFAC9 /* CategorySelectionViewController.swift */,
				B86411851CA28C9F00EAFAC9 /* CurrencySelectionViewController.swift */,
				B86411871CA2907B00EAFAC9 /* PayeeSelectionViewController.swift */,
				B86411891CA2938B00EAFAC9 /* RecurringSelectionViewController.swift */,
				B85504E31CA5136200F493F0 /* NewAccountViewController.swift */,
				B85504E51CA51F6B00F493F0 /* AccountTypeSelectionViewController.swift */,
				B892B4461CA7844C0020B36D /* NewBillViewController.swift */,
				B892B44A1CA7BF940020B36D /* NewBudgetViewController.swift */,
				B892B4501CA8E8FF0020B36D /* NewCategoryViewController.swift */,
				B892B4521CA901C00020B36D /* IconSelectionViewController.swift */,
				B892B4561CA91FBF0020B36D /* NewPayeeViewController.swift */,
			);
			name = Controllers;
			sourceTree = "<group>";
		};
		B8E5A23F1CDE4307007AE541 /* FX */ = {
			isa = PBXGroup;
			children = (
				B8E5A2411CDE4324007AE541 /* FX.swift */,
				B8E5A2421CDE4324007AE541 /* OpenExchangeRates.swift */,
				B8E5A2431CDE4324007AE541 /* Yahoo.swift */,
			);
			name = FX;
			path = ..;
			sourceTree = "<group>";
		};
		B8E5A2481CDE459E007AE541 /* Result */ = {
			isa = PBXGroup;
			children = (
				B8E5A2491CDE45B3007AE541 /* Info.plist */,
				B8E5A24A1CDE45B3007AE541 /* Result.h */,
				B8E5A24B1CDE45B3007AE541 /* Result.swift */,
				B8E5A24C1CDE45B3007AE541 /* ResultType.swift */,
			);
			name = Result;
			path = ..;
			sourceTree = "<group>";
		};
		B8E5A2501CDE45F5007AE541 /* SwiftyJSON */ = {
			isa = PBXGroup;
			children = (
				B8E5A2511CDE462E007AE541 /* Info-iOS.plist */,
				B8E5A2521CDE462E007AE541 /* Info-OSX.plist */,
				B8E5A2531CDE462E007AE541 /* Info-tvOS.plist */,
				B8E5A2541CDE462E007AE541 /* Info-watchOS.plist */,
				B8E5A2551CDE462E007AE541 /* SwiftyJSON.h */,
				B8E5A2561CDE462E007AE541 /* SwiftyJSON.swift */,
			);
			name = SwiftyJSON;
			path = ..;
			sourceTree = "<group>";
		};
/* End PBXGroup section */

/* Begin PBXNativeTarget section */
		B8244F001C9DAD16000209FD /* Personal Finance */ = {
			isa = PBXNativeTarget;
			buildConfigurationList = B8244F291C9DAD16000209FD /* Build configuration list for PBXNativeTarget "Personal Finance" */;
			buildPhases = (
				B8244EFD1C9DAD16000209FD /* Sources */,
				B8244EFE1C9DAD16000209FD /* Frameworks */,
				B8244EFF1C9DAD16000209FD /* Resources */,
			);
			buildRules = (
			);
			dependencies = (
			);
			name = "Personal Finance";
			productName = "Personal Finance";
			productReference = B8244F011C9DAD16000209FD /* Personal Finance.app */;
			productType = "com.apple.product-type.application";
		};
		B8244F141C9DAD16000209FD /* Personal FinanceTests */ = {
			isa = PBXNativeTarget;
			buildConfigurationList = B8244F2C1C9DAD16000209FD /* Build configuration list for PBXNativeTarget "Personal FinanceTests" */;
			buildPhases = (
				B8244F111C9DAD16000209FD /* Sources */,
				B8244F121C9DAD16000209FD /* Frameworks */,
				B8244F131C9DAD16000209FD /* Resources */,
			);
			buildRules = (
			);
			dependencies = (
				B8244F171C9DAD16000209FD /* PBXTargetDependency */,
			);
			name = "Personal FinanceTests";
			productName = "Personal FinanceTests";
			productReference = B8244F151C9DAD16000209FD /* Personal FinanceTests.xctest */;
			productType = "com.apple.product-type.bundle.unit-test";
		};
		B8244F1F1C9DAD16000209FD /* Personal FinanceUITests */ = {
			isa = PBXNativeTarget;
			buildConfigurationList = B8244F2F1C9DAD16000209FD /* Build configuration list for PBXNativeTarget "Personal FinanceUITests" */;
			buildPhases = (
				B8244F1C1C9DAD16000209FD /* Sources */,
				B8244F1D1C9DAD16000209FD /* Frameworks */,
				B8244F1E1C9DAD16000209FD /* Resources */,
			);
			buildRules = (
			);
			dependencies = (
				B8244F221C9DAD16000209FD /* PBXTargetDependency */,
			);
			name = "Personal FinanceUITests";
			productName = "Personal FinanceUITests";
			productReference = B8244F201C9DAD16000209FD /* Personal FinanceUITests.xctest */;
			productType = "com.apple.product-type.bundle.ui-testing";
		};
/* End PBXNativeTarget section */

/* Begin PBXProject section */
		B8244EF91C9DAD16000209FD /* Project object */ = {
			isa = PBXProject;
			attributes = {
				LastSwiftUpdateCheck = 0720;
				LastUpgradeCheck = 0720;
				ORGANIZATIONNAME = "Abdullah Althobetey";
				TargetAttributes = {
					B8244F001C9DAD16000209FD = {
						CreatedOnToolsVersion = 7.2.1;
					};
					B8244F141C9DAD16000209FD = {
						CreatedOnToolsVersion = 7.2.1;
						TestTargetID = B8244F001C9DAD16000209FD;
					};
					B8244F1F1C9DAD16000209FD = {
						CreatedOnToolsVersion = 7.2.1;
						TestTargetID = B8244F001C9DAD16000209FD;
					};
				};
			};
			buildConfigurationList = B8244EFC1C9DAD16000209FD /* Build configuration list for PBXProject "Personal Finance" */;
			compatibilityVersion = "Xcode 3.2";
			developmentRegion = English;
			hasScannedForEncodings = 0;
			knownRegions = (
				en,
				Base,
			);
			mainGroup = B8244EF81C9DAD16000209FD;
			productRefGroup = B8244F021C9DAD16000209FD /* Products */;
			projectDirPath = "";
			projectRoot = "";
			targets = (
				B8244F001C9DAD16000209FD /* Personal Finance */,
				B8244F141C9DAD16000209FD /* Personal FinanceTests */,
				B8244F1F1C9DAD16000209FD /* Personal FinanceUITests */,
			);
		};
/* End PBXProject section */

/* Begin PBXResourcesBuildPhase section */
		B8244EFF1C9DAD16000209FD /* Resources */ = {
			isa = PBXResourcesBuildPhase;
			buildActionMask = 2147483647;
			files = (
				B8E5A25A1CDE462E007AE541 /* Info-watchOS.plist in Resources */,
				B8E5A2591CDE462E007AE541 /* Info-tvOS.plist in Resources */,
				B8244F0F1C9DAD16000209FD /* LaunchScreen.storyboard in Resources */,
				B8244F0C1C9DAD16000209FD /* Assets.xcassets in Resources */,
				B8E5A24D1CDE45B3007AE541 /* Info.plist in Resources */,
				B8E5A2581CDE462E007AE541 /* Info-OSX.plist in Resources */,
				B8E5A2571CDE462E007AE541 /* Info-iOS.plist in Resources */,
				B8244F591C9E1881000209FD /* Info.plist in Resources */,
				B8244F0A1C9DAD16000209FD /* Main.storyboard in Resources */,
				B85504E21CA4CF0D00F493F0 /* PersonalFinance.sqlite in Resources */,
			);
			runOnlyForDeploymentPostprocessing = 0;
		};
		B8244F131C9DAD16000209FD /* Resources */ = {
			isa = PBXResourcesBuildPhase;
			buildActionMask = 2147483647;
			files = (
			);
			runOnlyForDeploymentPostprocessing = 0;
		};
		B8244F1E1C9DAD16000209FD /* Resources */ = {
			isa = PBXResourcesBuildPhase;
			buildActionMask = 2147483647;
			files = (
			);
			runOnlyForDeploymentPostprocessing = 0;
		};
/* End PBXResourcesBuildPhase section */

/* Begin PBXSourcesBuildPhase section */
		B8244EFD1C9DAD16000209FD /* Sources */ = {
			isa = PBXSourcesBuildPhase;
			buildActionMask = 2147483647;
			files = (
				B80D16ED1CAEB09400026764 /* Autogenerated.swift in Sources */,
				B80D16FE1CAEB0B300026764 /* NSDecimalNumberExtensions.swift in Sources */,
				B8E5A24F1CDE45B3007AE541 /* ResultType.swift in Sources */,
				B864117C1CA1EE5D00EAFAC9 /* photoTableViewCell.swift in Sources */,
				B80D16F41CAEB09E00026764 /* Money.swift in Sources */,
				B8244F671C9FAA8A000209FD /* BillsViewController.swift in Sources */,
				B892B44D1CA7F4590020B36D /* CategoriesViewController.swift in Sources */,
				B8E5A2461CDE4324007AE541 /* OpenExchangeRates.swift in Sources */,
				B80D16EE1CAEB09400026764 /* Bitcoin.swift in Sources */,
				B80D16F51CAEB09E00026764 /* Support.swift in Sources */,
				B892B4471CA7844C0020B36D /* NewBillViewController.swift in Sources */,
				B8244F691C9FAA9C000209FD /* BudgetViewController.swift in Sources */,
				B8244F5F1C9E259C000209FD /* Model.swift in Sources */,
				B80D16FD1CAEB0B300026764 /* NSDecimalExtensions.swift in Sources */,
				B892B44B1CA7BF940020B36D /* NewBudgetViewController.swift in Sources */,
				B8244F6F1C9FB767000209FD /* BillTableViewCell.swift in Sources */,
				B86411821CA2515F00EAFAC9 /* AccountSelectionViewController.swift in Sources */,
				B892B4511CA8E8FF0020B36D /* NewCategoryViewController.swift in Sources */,
				B8244F631C9F7123000209FD /* TransactionTableViewCell.swift in Sources */,
				B892B44F1CA7F4690020B36D /* PayeesViewController.swift in Sources */,
				B85944761CA1149E00B2618F /* TextFieldTableViewCell.swift in Sources */,
				B8244F541C9E1881000209FD /* FMDatabase.m in Sources */,
				B8E5A24E1CDE45B3007AE541 /* Result.swift in Sources */,
				B892B4491CA786270020B36D /* SegmentadControlTableViewCell.swift in Sources */,
				B80D17011CAEB23600026764 /* ValueCoding.swift in Sources */,
				B8244F5D1C9E1A31000209FD /* DBWrapper.swift in Sources */,
				B864117E1CA1FD6F00EAFAC9 /* DatePickerTableViewCell.swift in Sources */,
				B8E5A25B1CDE462E007AE541 /* SwiftyJSON.swift in Sources */,
				B8244F071C9DAD16000209FD /* MainViewController.swift in Sources */,
				B80D16F31CAEB09E00026764 /* Locale.swift in Sources */,
				B85944701C9FCCFB00B2618F /* CategoryBudgetTableViewCell.swift in Sources */,
				B8E5A2451CDE4324007AE541 /* FX.swift in Sources */,
				B864117A1CA1EE4F00EAFAC9 /* textViewTableViewCell.swift in Sources */,
				B859446E1C9FCCD900B2618F /* MonthOveralBudgetTableViewCell.swift in Sources */,
				B892B4571CA91FBF0020B36D /* NewPayeeViewController.swift in Sources */,
				B8E5A2471CDE4324007AE541 /* Yahoo.swift in Sources */,
				B8244F6D1C9FAB4E000209FD /* HistoryViewController.swift in Sources */,
				B86411861CA28C9F00EAFAC9 /* CurrencySelectionViewController.swift in Sources */,
				B8244F6B1C9FAB3B000209FD /* ReportsViewController.swift in Sources */,
				B85944741CA0EED600B2618F /* AddTransactionViewController.swift in Sources */,
				B80D16EF1CAEB09400026764 /* Currency.swift in Sources */,
				B8244F611C9E8065000209FD /* TransactionsViewController.swift in Sources */,
				B86411841CA2819A00EAFAC9 /* CategorySelectionViewController.swift in Sources */,
				B8F3AEEA1CB561890015BB03 /* ABillViewController.swift in Sources */,
				B86411881CA2907B00EAFAC9 /* PayeeSelectionViewController.swift in Sources */,
				B8244F581C9E1881000209FD /* FMResultSet.m in Sources */,
				B85504E61CA51F6B00F493F0 /* AccountTypeSelectionViewController.swift in Sources */,
				B8244F561C9E1881000209FD /* FMDatabasePool.m in Sources */,
				B892B4551CA902E90020B36D /* IconCollectionViewCell.swift in Sources */,
				B80D16FB1CAEB0B300026764 /* Decimal.swift in Sources */,
				B85944721CA0AD6000B2618F /* NSDateExtension.swift in Sources */,
				B892B4531CA901C00020B36D /* IconSelectionViewController.swift in Sources */,
				B8244F051C9DAD16000209FD /* AppDelegate.swift in Sources */,
				B8244F551C9E1881000209FD /* FMDatabaseAdditions.m in Sources */,
				B864118A1CA2938B00EAFAC9 /* RecurringSelectionViewController.swift in Sources */,
				B8244F651C9F9A1B000209FD /* AccountsViewController.swift in Sources */,
				B85504E41CA5136200F493F0 /* NewAccountViewController.swift in Sources */,
				B80D16FC1CAEB0B300026764 /* DecimalNumberType.swift in Sources */,
				B8244F571C9E1881000209FD /* FMDatabaseQueue.m in Sources */,
			);
			runOnlyForDeploymentPostprocessing = 0;
		};
		B8244F111C9DAD16000209FD /* Sources */ = {
			isa = PBXSourcesBuildPhase;
			buildActionMask = 2147483647;
			files = (
				B8244F1A1C9DAD16000209FD /* Personal_FinanceTests.swift in Sources */,
			);
			runOnlyForDeploymentPostprocessing = 0;
		};
		B8244F1C1C9DAD16000209FD /* Sources */ = {
			isa = PBXSourcesBuildPhase;
			buildActionMask = 2147483647;
			files = (
				B8244F251C9DAD16000209FD /* Personal_FinanceUITests.swift in Sources */,
			);
			runOnlyForDeploymentPostprocessing = 0;
		};
/* End PBXSourcesBuildPhase section */

/* Begin PBXTargetDependency section */
		B8244F171C9DAD16000209FD /* PBXTargetDependency */ = {
			isa = PBXTargetDependency;
			target = B8244F001C9DAD16000209FD /* Personal Finance */;
			targetProxy = B8244F161C9DAD16000209FD /* PBXContainerItemProxy */;
		};
		B8244F221C9DAD16000209FD /* PBXTargetDependency */ = {
			isa = PBXTargetDependency;
			target = B8244F001C9DAD16000209FD /* Personal Finance */;
			targetProxy = B8244F211C9DAD16000209FD /* PBXContainerItemProxy */;
		};
/* End PBXTargetDependency section */

/* Begin PBXVariantGroup section */
		B8244F081C9DAD16000209FD /* Main.storyboard */ = {
			isa = PBXVariantGroup;
			children = (
				B8244F091C9DAD16000209FD /* Base */,
			);
			name = Main.storyboard;
			sourceTree = "<group>";
		};
		B8244F0D1C9DAD16000209FD /* LaunchScreen.storyboard */ = {
			isa = PBXVariantGroup;
			children = (
				B8244F0E1C9DAD16000209FD /* Base */,
			);
			name = LaunchScreen.storyboard;
			sourceTree = "<group>";
		};
/* End PBXVariantGroup section */

/* Begin XCBuildConfiguration section */
		B8244F271C9DAD16000209FD /* Debug */ = {
			isa = XCBuildConfiguration;
			buildSettings = {
				ALWAYS_SEARCH_USER_PATHS = NO;
				CLANG_CXX_LANGUAGE_STANDARD = "gnu++0x";
				CLANG_CXX_LIBRARY = "libc++";
				CLANG_ENABLE_MODULES = YES;
				CLANG_ENABLE_OBJC_ARC = YES;
				CLANG_WARN_BOOL_CONVERSION = YES;
				CLANG_WARN_CONSTANT_CONVERSION = YES;
				CLANG_WARN_DIRECT_OBJC_ISA_USAGE = YES_ERROR;
				CLANG_WARN_EMPTY_BODY = YES;
				CLANG_WARN_ENUM_CONVERSION = YES;
				CLANG_WARN_INT_CONVERSION = YES;
				CLANG_WARN_OBJC_ROOT_CLASS = YES_ERROR;
				CLANG_WARN_UNREACHABLE_CODE = YES;
				CLANG_WARN__DUPLICATE_METHOD_MATCH = YES;
				"CODE_SIGN_IDENTITY[sdk=iphoneos*]" = "iPhone Developer";
				COPY_PHASE_STRIP = NO;
				DEBUG_INFORMATION_FORMAT = dwarf;
				ENABLE_STRICT_OBJC_MSGSEND = YES;
				ENABLE_TESTABILITY = YES;
				GCC_C_LANGUAGE_STANDARD = gnu99;
				GCC_DYNAMIC_NO_PIC = NO;
				GCC_NO_COMMON_BLOCKS = YES;
				GCC_OPTIMIZATION_LEVEL = 0;
				GCC_PREPROCESSOR_DEFINITIONS = (
					"DEBUG=1",
					"$(inherited)",
				);
				GCC_WARN_64_TO_32_BIT_CONVERSION = YES;
				GCC_WARN_ABOUT_RETURN_TYPE = YES_ERROR;
				GCC_WARN_UNDECLARED_SELECTOR = YES;
				GCC_WARN_UNINITIALIZED_AUTOS = YES_AGGRESSIVE;
				GCC_WARN_UNUSED_FUNCTION = YES;
				GCC_WARN_UNUSED_VARIABLE = YES;
				IPHONEOS_DEPLOYMENT_TARGET = 9.2;
				MTL_ENABLE_DEBUG_INFO = YES;
				ONLY_ACTIVE_ARCH = YES;
				SDKROOT = iphoneos;
				SWIFT_OPTIMIZATION_LEVEL = "-Onone";
				TARGETED_DEVICE_FAMILY = "1,2";
			};
			name = Debug;
		};
		B8244F281C9DAD16000209FD /* Release */ = {
			isa = XCBuildConfiguration;
			buildSettings = {
				ALWAYS_SEARCH_USER_PATHS = NO;
				CLANG_CXX_LANGUAGE_STANDARD = "gnu++0x";
				CLANG_CXX_LIBRARY = "libc++";
				CLANG_ENABLE_MODULES = YES;
				CLANG_ENABLE_OBJC_ARC = YES;
				CLANG_WARN_BOOL_CONVERSION = YES;
				CLANG_WARN_CONSTANT_CONVERSION = YES;
				CLANG_WARN_DIRECT_OBJC_ISA_USAGE = YES_ERROR;
				CLANG_WARN_EMPTY_BODY = YES;
				CLANG_WARN_ENUM_CONVERSION = YES;
				CLANG_WARN_INT_CONVERSION = YES;
				CLANG_WARN_OBJC_ROOT_CLASS = YES_ERROR;
				CLANG_WARN_UNREACHABLE_CODE = YES;
				CLANG_WARN__DUPLICATE_METHOD_MATCH = YES;
				"CODE_SIGN_IDENTITY[sdk=iphoneos*]" = "iPhone Developer";
				COPY_PHASE_STRIP = NO;
				DEBUG_INFORMATION_FORMAT = "dwarf-with-dsym";
				ENABLE_NS_ASSERTIONS = NO;
				ENABLE_STRICT_OBJC_MSGSEND = YES;
				GCC_C_LANGUAGE_STANDARD = gnu99;
				GCC_NO_COMMON_BLOCKS = YES;
				GCC_WARN_64_TO_32_BIT_CONVERSION = YES;
				GCC_WARN_ABOUT_RETURN_TYPE = YES_ERROR;
				GCC_WARN_UNDECLARED_SELECTOR = YES;
				GCC_WARN_UNINITIALIZED_AUTOS = YES_AGGRESSIVE;
				GCC_WARN_UNUSED_FUNCTION = YES;
				GCC_WARN_UNUSED_VARIABLE = YES;
				IPHONEOS_DEPLOYMENT_TARGET = 9.2;
				MTL_ENABLE_DEBUG_INFO = NO;
				SDKROOT = iphoneos;
				TARGETED_DEVICE_FAMILY = "1,2";
				VALIDATE_PRODUCT = YES;
			};
			name = Release;
		};
		B8244F2A1C9DAD16000209FD /* Debug */ = {
			isa = XCBuildConfiguration;
			buildSettings = {
				ASSETCATALOG_COMPILER_APPICON_NAME = AppIcon;
				CLANG_ENABLE_MODULES = YES;
				INFOPLIST_FILE = "Personal Finance/Info.plist";
				IPHONEOS_DEPLOYMENT_TARGET = 9.2;
				LD_RUNPATH_SEARCH_PATHS = "$(inherited) @executable_path/Frameworks";
				PRODUCT_BUNDLE_IDENTIFIER = "com.abdullah-th.Personal-Finance";
				PRODUCT_NAME = "$(TARGET_NAME)";
				SWIFT_OBJC_BRIDGING_HEADER = "Personal Finance/Personal Finance-Bridging-Header.h";
				SWIFT_OPTIMIZATION_LEVEL = "-Onone";
			};
			name = Debug;
		};
		B8244F2B1C9DAD16000209FD /* Release */ = {
			isa = XCBuildConfiguration;
			buildSettings = {
				ASSETCATALOG_COMPILER_APPICON_NAME = AppIcon;
				CLANG_ENABLE_MODULES = YES;
				INFOPLIST_FILE = "Personal Finance/Info.plist";
				IPHONEOS_DEPLOYMENT_TARGET = 9.2;
				LD_RUNPATH_SEARCH_PATHS = "$(inherited) @executable_path/Frameworks";
				PRODUCT_BUNDLE_IDENTIFIER = "com.abdullah-th.Personal-Finance";
				PRODUCT_NAME = "$(TARGET_NAME)";
				SWIFT_OBJC_BRIDGING_HEADER = "Personal Finance/Personal Finance-Bridging-Header.h";
			};
			name = Release;
		};
		B8244F2D1C9DAD16000209FD /* Debug */ = {
			isa = XCBuildConfiguration;
			buildSettings = {
				BUNDLE_LOADER = "$(TEST_HOST)";
				INFOPLIST_FILE = "Personal FinanceTests/Info.plist";
				LD_RUNPATH_SEARCH_PATHS = "$(inherited) @executable_path/Frameworks @loader_path/Frameworks";
				PRODUCT_BUNDLE_IDENTIFIER = "com.abdullah-th.Personal-FinanceTests";
				PRODUCT_NAME = "$(TARGET_NAME)";
				TEST_HOST = "$(BUILT_PRODUCTS_DIR)/Personal Finance.app/Personal Finance";
			};
			name = Debug;
		};
		B8244F2E1C9DAD16000209FD /* Release */ = {
			isa = XCBuildConfiguration;
			buildSettings = {
				BUNDLE_LOADER = "$(TEST_HOST)";
				INFOPLIST_FILE = "Personal FinanceTests/Info.plist";
				LD_RUNPATH_SEARCH_PATHS = "$(inherited) @executable_path/Frameworks @loader_path/Frameworks";
				PRODUCT_BUNDLE_IDENTIFIER = "com.abdullah-th.Personal-FinanceTests";
				PRODUCT_NAME = "$(TARGET_NAME)";
				TEST_HOST = "$(BUILT_PRODUCTS_DIR)/Personal Finance.app/Personal Finance";
			};
			name = Release;
		};
		B8244F301C9DAD16000209FD /* Debug */ = {
			isa = XCBuildConfiguration;
			buildSettings = {
				INFOPLIST_FILE = "Personal FinanceUITests/Info.plist";
				LD_RUNPATH_SEARCH_PATHS = "$(inherited) @executable_path/Frameworks @loader_path/Frameworks";
				PRODUCT_BUNDLE_IDENTIFIER = "com.abdullah-th.Personal-FinanceUITests";
				PRODUCT_NAME = "$(TARGET_NAME)";
				TEST_TARGET_NAME = "Personal Finance";
				USES_XCTRUNNER = YES;
			};
			name = Debug;
		};
		B8244F311C9DAD16000209FD /* Release */ = {
			isa = XCBuildConfiguration;
			buildSettings = {
				INFOPLIST_FILE = "Personal FinanceUITests/Info.plist";
				LD_RUNPATH_SEARCH_PATHS = "$(inherited) @executable_path/Frameworks @loader_path/Frameworks";
				PRODUCT_BUNDLE_IDENTIFIER = "com.abdullah-th.Personal-FinanceUITests";
				PRODUCT_NAME = "$(TARGET_NAME)";
				TEST_TARGET_NAME = "Personal Finance";
				USES_XCTRUNNER = YES;
			};
			name = Release;
		};
/* End XCBuildConfiguration section */

/* Begin XCConfigurationList section */
		B8244EFC1C9DAD16000209FD /* Build configuration list for PBXProject "Personal Finance" */ = {
			isa = XCConfigurationList;
			buildConfigurations = (
				B8244F271C9DAD16000209FD /* Debug */,
				B8244F281C9DAD16000209FD /* Release */,
			);
			defaultConfigurationIsVisible = 0;
			defaultConfigurationName = Release;
		};
		B8244F291C9DAD16000209FD /* Build configuration list for PBXNativeTarget "Personal Finance" */ = {
			isa = XCConfigurationList;
			buildConfigurations = (
				B8244F2A1C9DAD16000209FD /* Debug */,
				B8244F2B1C9DAD16000209FD /* Release */,
			);
			defaultConfigurationIsVisible = 0;
			defaultConfigurationName = Release;
		};
		B8244F2C1C9DAD16000209FD /* Build configuration list for PBXNativeTarget "Personal FinanceTests" */ = {
			isa = XCConfigurationList;
			buildConfigurations = (
				B8244F2D1C9DAD16000209FD /* Debug */,
				B8244F2E1C9DAD16000209FD /* Release */,
			);
			defaultConfigurationIsVisible = 0;
			defaultConfigurationName = Release;
		};
		B8244F2F1C9DAD16000209FD /* Build configuration list for PBXNativeTarget "Personal FinanceUITests" */ = {
			isa = XCConfigurationList;
			buildConfigurations = (
				B8244F301C9DAD16000209FD /* Debug */,
				B8244F311C9DAD16000209FD /* Release */,
			);
			defaultConfigurationIsVisible = 0;
			defaultConfigurationName = Release;
		};
/* End XCConfigurationList section */
	};
	rootObject = B8244EF91C9DAD16000209FD /* Project object */;
}
